
Microsoft Visual Studio Solution File, Format Version 12.00
# Visual Studio Version 17
VisualStudioVersion = 17.6.33829.357
MinimumVisualStudioVersion = 10.0.40219.1
Project("{FAE04EC0-301F-11D3-BF4B-00C04F79EFBC}") = "Electronic Voting", "Electronic Voting\Electronic Voting.csproj", "{EECA7115-9328-4529-8389-7F56EA9A825F}"
EndProject
Global
	GlobalSection(SolutionConfigurationPlatforms) = preSolution
		Debug|Any CPU = Debug|Any CPU
		Release|Any CPU = Release|Any CPU
	EndGlobalSection
	GlobalSection(ProjectConfigurationPlatforms) = postSolution
		{EECA7115-9328-4529-8389-7F56EA9A825F}.Debug|Any CPU.ActiveCfg = Debug|Any CPU
		{EECA7115-9328-4529-8389-7F56EA9A825F}.Debug|Any CPU.Build.0 = Debug|Any CPU
		{EECA7115-9328-4529-8389-7F56EA9A825F}.Release|Any CPU.ActiveCfg = Release|Any CPU
		{EECA7115-9328-4529-8389-7F56EA9A825F}.Release|Any CPU.Build.0 = Release|Any CPU
	EndGlobalSection
	GlobalSection(SolutionProperties) = preSolution
		HideSolutionNode = FALSE
	EndGlobalSection
	GlobalSection(ExtensibilityGlobals) = postSolution
		SolutionGuid = {E2DCBCC3-3CF1-4D47-ADA8-47BA10379314}
	EndGlobalSection
EndGlobal
